
Microsoft Visual Studio Solution File, Format Version 12.00
# Visual Studio Version 17
VisualStudioVersion = 17.8.34330.188
MinimumVisualStudioVersion = 10.0.40219.1
Project("{FAE04EC0-301F-11D3-BF4B-00C04F79EFBC}") = "ProjectRapChieuPhim", "ProjectRapChieuPhim.csproj", "{E1B69E44-7C54-4BDE-8107-CEBB393E2CAA}"
EndProject
Global
	GlobalSection(SolutionConfigurationPlatforms) = preSolution
		Debug|Any CPU = Debug|Any CPU
		Release|Any CPU = Release|Any CPU
	EndGlobalSection
	GlobalSection(ProjectConfigurationPlatforms) = postSolution
		{E1B69E44-7C54-4BDE-8107-CEBB393E2CAA}.Debug|Any CPU.ActiveCfg = Debug|Any CPU
		{E1B69E44-7C54-4BDE-8107-CEBB393E2CAA}.Debug|Any CPU.Build.0 = Debug|Any CPU
		{E1B69E44-7C54-4BDE-8107-CEBB393E2CAA}.Release|Any CPU.ActiveCfg = Release|Any CPU
		{E1B69E44-7C54-4BDE-8107-CEBB393E2CAA}.Release|Any CPU.Build.0 = Release|Any CPU
	EndGlobalSection
	GlobalSection(SolutionProperties) = preSolution
		HideSolutionNode = FALSE
	EndGlobalSection
	GlobalSection(ExtensibilityGlobals) = postSolution
		SolutionGuid = {314E8410-9023-424B-92D9-1705BD4E5490}
	EndGlobalSection
EndGlobal
